
Microsoft Visual Studio Solution File, Format Version 12.00
# Visual Studio 14
VisualStudioVersion = 14.0.23107.0
MinimumVisualStudioVersion = 10.0.40219.1
Project("{2150E333-8FDC-42A3-9474-1A3956D46DE8}") = "Api", "Api", "{1E469E96-B991-45A5-B06C-8E5F64297BEA}"
EndProject
Project("{FAE04EC0-301F-11D3-BF4B-00C04F79EFBC}") = "SkyTechnicalTest.Api", "SkyTechnicalTest.Api\SkyTechnicalTest.Api.csproj", "{22B93659-1A86-4044-953C-53CC331B6708}"
EndProject
Project("{FAE04EC0-301F-11D3-BF4B-00C04F79EFBC}") = "SkyTechnicalTest.Api.Tests", "SkyTechnicalTest.Api.Tests\SkyTechnicalTest.Api.Tests.csproj", "{3ED80A4B-0882-4D52-AD3F-851504C4A3BA}"
EndProject
Global
	GlobalSection(SolutionConfigurationPlatforms) = preSolution
		Debug|Any CPU = Debug|Any CPU
		Release|Any CPU = Release|Any CPU
	EndGlobalSection
	GlobalSection(ProjectConfigurationPlatforms) = postSolution
		{22B93659-1A86-4044-953C-53CC331B6708}.Debug|Any CPU.ActiveCfg = Debug|Any CPU
		{22B93659-1A86-4044-953C-53CC331B6708}.Debug|Any CPU.Build.0 = Debug|Any CPU
		{22B93659-1A86-4044-953C-53CC331B6708}.Release|Any CPU.ActiveCfg = Release|Any CPU
		{22B93659-1A86-4044-953C-53CC331B6708}.Release|Any CPU.Build.0 = Release|Any CPU
		{3ED80A4B-0882-4D52-AD3F-851504C4A3BA}.Debug|Any CPU.ActiveCfg = Debug|Any CPU
		{3ED80A4B-0882-4D52-AD3F-851504C4A3BA}.Debug|Any CPU.Build.0 = Debug|Any CPU
		{3ED80A4B-0882-4D52-AD3F-851504C4A3BA}.Release|Any CPU.ActiveCfg = Release|Any CPU
		{3ED80A4B-0882-4D52-AD3F-851504C4A3BA}.Release|Any CPU.Build.0 = Release|Any CPU
	EndGlobalSection
	GlobalSection(SolutionProperties) = preSolution
		HideSolutionNode = FALSE
	EndGlobalSection
	GlobalSection(NestedProjects) = preSolution
		{22B93659-1A86-4044-953C-53CC331B6708} = {1E469E96-B991-45A5-B06C-8E5F64297BEA}
		{3ED80A4B-0882-4D52-AD3F-851504C4A3BA} = {1E469E96-B991-45A5-B06C-8E5F64297BEA}
	EndGlobalSection
EndGlobal
